
Microsoft Visual Studio Solution File, Format Version 12.00
# Visual Studio 14
VisualStudioVersion = 14.0.25420.1
MinimumVisualStudioVersion = 10.0.40219.1
Project("{FAE04EC0-301F-11D3-BF4B-00C04F79EFBC}") = "Login ARYA", "Login ARYA\Login ARYA.csproj", "{D26CC8D4-2268-4D61-B211-4A59D4557D3D}"
EndProject
Project("{FAE04EC0-301F-11D3-BF4B-00C04F79EFBC}") = "BL.Servicios", "BL.Servicios\BL.Servicios.csproj", "{0F9BFA62-B8A1-4E50-B9A9-CEF57FB84A2E}"
EndProject
Global
	GlobalSection(SolutionConfigurationPlatforms) = preSolution
		Debug|Any CPU = Debug|Any CPU
		Release|Any CPU = Release|Any CPU
	EndGlobalSection
	GlobalSection(ProjectConfigurationPlatforms) = postSolution
		{D26CC8D4-2268-4D61-B211-4A59D4557D3D}.Debug|Any CPU.ActiveCfg = Debug|Any CPU
		{D26CC8D4-2268-4D61-B211-4A59D4557D3D}.Debug|Any CPU.Build.0 = Debug|Any CPU
		{D26CC8D4-2268-4D61-B211-4A59D4557D3D}.Release|Any CPU.ActiveCfg = Release|Any CPU
		{D26CC8D4-2268-4D61-B211-4A59D4557D3D}.Release|Any CPU.Build.0 = Release|Any CPU
		{0F9BFA62-B8A1-4E50-B9A9-CEF57FB84A2E}.Debug|Any CPU.ActiveCfg = Debug|Any CPU
		{0F9BFA62-B8A1-4E50-B9A9-CEF57FB84A2E}.Debug|Any CPU.Build.0 = Debug|Any CPU
		{0F9BFA62-B8A1-4E50-B9A9-CEF57FB84A2E}.Release|Any CPU.ActiveCfg = Release|Any CPU
		{0F9BFA62-B8A1-4E50-B9A9-CEF57FB84A2E}.Release|Any CPU.Build.0 = Release|Any CPU
	EndGlobalSection
	GlobalSection(SolutionProperties) = preSolution
		HideSolutionNode = FALSE
	EndGlobalSection
EndGlobal
